
Microsoft Visual Studio Solution File, Format Version 12.00
# Visual Studio 2013
VisualStudioVersion = 12.0.31101.0
MinimumVisualStudioVersion = 10.0.40219.1
Project("{FAE04EC0-301F-11D3-BF4B-00C04F79EFBC}") = "Algraph.Api", "Algraph.Api\Algraph.Api.csproj", "{DA7DA9A7-50AE-4E76-9B2B-E67754404119}"
EndProject
Project("{FAE04EC0-301F-11D3-BF4B-00C04F79EFBC}") = "Algraph.Api.Tests", "Algraph.Api.Tests\Algraph.Api.Tests.csproj", "{5AE59CE9-A294-439D-ADCE-94218A9DE350}"
EndProject
Project("{2150E333-8FDC-42A3-9474-1A3956D46DE8}") = "01-Presentation", "01-Presentation", "{0FC6564A-73B9-4A30-8AF3-52524A45AFF5}"
EndProject
Project("{2150E333-8FDC-42A3-9474-1A3956D46DE8}") = "02-Application", "02-Application", "{0D2CA37F-072D-4841-80F7-66F170C7493A}"
EndProject
Project("{2150E333-8FDC-42A3-9474-1A3956D46DE8}") = "03-Domain", "03-Domain", "{B05AFA1D-8C47-455D-8772-F861B01AF963}"
EndProject
Project("{FAE04EC0-301F-11D3-BF4B-00C04F79EFBC}") = "Algraph.Web", "Algraph.Web\Algraph.Web.csproj", "{61C2ADE5-B217-4C00-9C0D-00753ADD4C6F}"
EndProject
Project("{FAE04EC0-301F-11D3-BF4B-00C04F79EFBC}") = "Algraph.Web.Tests", "Algraph.Web.Tests\Algraph.Web.Tests.csproj", "{03C95C0D-7E98-4039-ADE3-A1DD8DC45918}"
EndProject
Project("{FAE04EC0-301F-11D3-BF4B-00C04F79EFBC}") = "Algraph.ConsoleApp", "Algraph.ConsoleApp\Algraph.ConsoleApp.csproj", "{9CADF007-77DB-4F44-B701-10B68C69F13F}"
EndProject
Project("{2150E333-8FDC-42A3-9474-1A3956D46DE8}") = "04-Infrastructure", "04-Infrastructure", "{D719D2C1-D94C-4226-972E-FEBD24727364}"
EndProject
Project("{FAE04EC0-301F-11D3-BF4B-00C04F79EFBC}") = "Algraph.Infrastructure.Web", "Algraph.Infrastructure.Web\Algraph.Infrastructure.Web.csproj", "{A4735244-A832-4704-A7FB-DD083BA57A31}"
EndProject
Project("{FAE04EC0-301F-11D3-BF4B-00C04F79EFBC}") = "Algraph.Infrastructure.Net.Http", "Algraph.Infrastructure.Net.Http\Algraph.Infrastructure.Net.Http.csproj", "{ACA2B8C9-7588-4438-A71A-1FF6BB928C6C}"
EndProject
Project("{FAE04EC0-301F-11D3-BF4B-00C04F79EFBC}") = "Algraph.Rest", "Algraph.Rest\Algraph.Rest.csproj", "{DE4B4415-CE46-43EF-9BE4-8176EF6D3D2B}"
EndProject
Project("{FAE04EC0-301F-11D3-BF4B-00C04F79EFBC}") = "Algraph.Rest.Tests", "Algraph.Rest.Tests\Algraph.Rest.Tests.csproj", "{00961E66-B1A8-440A-9581-AF4DEAAE9CC6}"
EndProject
Project("{FAE04EC0-301F-11D3-BF4B-00C04F79EFBC}") = "Algraph.Rest.V1", "Algraph.Rest.V1\Algraph.Rest.V1.csproj", "{DCCB7111-C2DA-4C7E-9CF1-39CE4368AD8B}"
EndProject
Project("{FAE04EC0-301F-11D3-BF4B-00C04F79EFBC}") = "Algraph.Rest.V2", "Algraph.Rest.V2\Algraph.Rest.V2.csproj", "{E0C9B36C-9306-42D9-AE19-A599431978BD}"
EndProject
Project("{FAE04EC0-301F-11D3-BF4B-00C04F79EFBC}") = "Algraph.Infrastructure.Web.Mvc", "Algraph.Infrastructure.Web.Mvc\Algraph.Infrastructure.Web.Mvc.csproj", "{83A112DF-E200-4D53-9503-219E97DD6096}"
EndProject
Global
	GlobalSection(SolutionConfigurationPlatforms) = preSolution
		Debug|Any CPU = Debug|Any CPU
		Release|Any CPU = Release|Any CPU
	EndGlobalSection
	GlobalSection(ProjectConfigurationPlatforms) = postSolution
		{DA7DA9A7-50AE-4E76-9B2B-E67754404119}.Debug|Any CPU.ActiveCfg = Debug|Any CPU
		{DA7DA9A7-50AE-4E76-9B2B-E67754404119}.Debug|Any CPU.Build.0 = Debug|Any CPU
		{DA7DA9A7-50AE-4E76-9B2B-E67754404119}.Release|Any CPU.ActiveCfg = Release|Any CPU
		{DA7DA9A7-50AE-4E76-9B2B-E67754404119}.Release|Any CPU.Build.0 = Release|Any CPU
		{5AE59CE9-A294-439D-ADCE-94218A9DE350}.Debug|Any CPU.ActiveCfg = Debug|Any CPU
		{5AE59CE9-A294-439D-ADCE-94218A9DE350}.Debug|Any CPU.Build.0 = Debug|Any CPU
		{5AE59CE9-A294-439D-ADCE-94218A9DE350}.Release|Any CPU.ActiveCfg = Release|Any CPU
		{5AE59CE9-A294-439D-ADCE-94218A9DE350}.Release|Any CPU.Build.0 = Release|Any CPU
		{61C2ADE5-B217-4C00-9C0D-00753ADD4C6F}.Debug|Any CPU.ActiveCfg = Debug|Any CPU
		{61C2ADE5-B217-4C00-9C0D-00753ADD4C6F}.Debug|Any CPU.Build.0 = Debug|Any CPU
		{61C2ADE5-B217-4C00-9C0D-00753ADD4C6F}.Release|Any CPU.ActiveCfg = Release|Any CPU
		{61C2ADE5-B217-4C00-9C0D-00753ADD4C6F}.Release|Any CPU.Build.0 = Release|Any CPU
		{03C95C0D-7E98-4039-ADE3-A1DD8DC45918}.Debug|Any CPU.ActiveCfg = Debug|Any CPU
		{03C95C0D-7E98-4039-ADE3-A1DD8DC45918}.Debug|Any CPU.Build.0 = Debug|Any CPU
		{03C95C0D-7E98-4039-ADE3-A1DD8DC45918}.Release|Any CPU.ActiveCfg = Release|Any CPU
		{03C95C0D-7E98-4039-ADE3-A1DD8DC45918}.Release|Any CPU.Build.0 = Release|Any CPU
		{9CADF007-77DB-4F44-B701-10B68C69F13F}.Debug|Any CPU.ActiveCfg = Debug|Any CPU
		{9CADF007-77DB-4F44-B701-10B68C69F13F}.Debug|Any CPU.Build.0 = Debug|Any CPU
		{9CADF007-77DB-4F44-B701-10B68C69F13F}.Release|Any CPU.ActiveCfg = Release|Any CPU
		{9CADF007-77DB-4F44-B701-10B68C69F13F}.Release|Any CPU.Build.0 = Release|Any CPU
		{A4735244-A832-4704-A7FB-DD083BA57A31}.Debug|Any CPU.ActiveCfg = Debug|Any CPU
		{A4735244-A832-4704-A7FB-DD083BA57A31}.Debug|Any CPU.Build.0 = Debug|Any CPU
		{A4735244-A832-4704-A7FB-DD083BA57A31}.Release|Any CPU.ActiveCfg = Release|Any CPU
		{A4735244-A832-4704-A7FB-DD083BA57A31}.Release|Any CPU.Build.0 = Release|Any CPU
		{ACA2B8C9-7588-4438-A71A-1FF6BB928C6C}.Debug|Any CPU.ActiveCfg = Debug|Any CPU
		{ACA2B8C9-7588-4438-A71A-1FF6BB928C6C}.Debug|Any CPU.Build.0 = Debug|Any CPU
		{ACA2B8C9-7588-4438-A71A-1FF6BB928C6C}.Release|Any CPU.ActiveCfg = Release|Any CPU
		{ACA2B8C9-7588-4438-A71A-1FF6BB928C6C}.Release|Any CPU.Build.0 = Release|Any CPU
		{DE4B4415-CE46-43EF-9BE4-8176EF6D3D2B}.Debug|Any CPU.ActiveCfg = Debug|Any CPU
		{DE4B4415-CE46-43EF-9BE4-8176EF6D3D2B}.Debug|Any CPU.Build.0 = Debug|Any CPU
		{DE4B4415-CE46-43EF-9BE4-8176EF6D3D2B}.Release|Any CPU.ActiveCfg = Release|Any CPU
		{DE4B4415-CE46-43EF-9BE4-8176EF6D3D2B}.Release|Any CPU.Build.0 = Release|Any CPU
		{00961E66-B1A8-440A-9581-AF4DEAAE9CC6}.Debug|Any CPU.ActiveCfg = Debug|Any CPU
		{00961E66-B1A8-440A-9581-AF4DEAAE9CC6}.Debug|Any CPU.Build.0 = Debug|Any CPU
		{00961E66-B1A8-440A-9581-AF4DEAAE9CC6}.Release|Any CPU.ActiveCfg = Release|Any CPU
		{00961E66-B1A8-440A-9581-AF4DEAAE9CC6}.Release|Any CPU.Build.0 = Release|Any CPU
		{DCCB7111-C2DA-4C7E-9CF1-39CE4368AD8B}.Debug|Any CPU.ActiveCfg = Debug|Any CPU
		{DCCB7111-C2DA-4C7E-9CF1-39CE4368AD8B}.Debug|Any CPU.Build.0 = Debug|Any CPU
		{DCCB7111-C2DA-4C7E-9CF1-39CE4368AD8B}.Release|Any CPU.ActiveCfg = Release|Any CPU
		{DCCB7111-C2DA-4C7E-9CF1-39CE4368AD8B}.Release|Any CPU.Build.0 = Release|Any CPU
		{E0C9B36C-9306-42D9-AE19-A599431978BD}.Debug|Any CPU.ActiveCfg = Debug|Any CPU
		{E0C9B36C-9306-42D9-AE19-A599431978BD}.Debug|Any CPU.Build.0 = Debug|Any CPU
		{E0C9B36C-9306-42D9-AE19-A599431978BD}.Release|Any CPU.ActiveCfg = Release|Any CPU
		{E0C9B36C-9306-42D9-AE19-A599431978BD}.Release|Any CPU.Build.0 = Release|Any CPU
		{83A112DF-E200-4D53-9503-219E97DD6096}.Debug|Any CPU.ActiveCfg = Debug|Any CPU
		{83A112DF-E200-4D53-9503-219E97DD6096}.Debug|Any CPU.Build.0 = Debug|Any CPU
		{83A112DF-E200-4D53-9503-219E97DD6096}.Release|Any CPU.ActiveCfg = Release|Any CPU
		{83A112DF-E200-4D53-9503-219E97DD6096}.Release|Any CPU.Build.0 = Release|Any CPU
	EndGlobalSection
	GlobalSection(SolutionProperties) = preSolution
		HideSolutionNode = FALSE
	EndGlobalSection
	GlobalSection(NestedProjects) = preSolution
		{DA7DA9A7-50AE-4E76-9B2B-E67754404119} = {0FC6564A-73B9-4A30-8AF3-52524A45AFF5}
		{5AE59CE9-A294-439D-ADCE-94218A9DE350} = {0FC6564A-73B9-4A30-8AF3-52524A45AFF5}
		{61C2ADE5-B217-4C00-9C0D-00753ADD4C6F} = {0FC6564A-73B9-4A30-8AF3-52524A45AFF5}
		{03C95C0D-7E98-4039-ADE3-A1DD8DC45918} = {0FC6564A-73B9-4A30-8AF3-52524A45AFF5}
		{9CADF007-77DB-4F44-B701-10B68C69F13F} = {0FC6564A-73B9-4A30-8AF3-52524A45AFF5}
		{A4735244-A832-4704-A7FB-DD083BA57A31} = {D719D2C1-D94C-4226-972E-FEBD24727364}
		{ACA2B8C9-7588-4438-A71A-1FF6BB928C6C} = {D719D2C1-D94C-4226-972E-FEBD24727364}
		{DE4B4415-CE46-43EF-9BE4-8176EF6D3D2B} = {0FC6564A-73B9-4A30-8AF3-52524A45AFF5}
		{00961E66-B1A8-440A-9581-AF4DEAAE9CC6} = {0FC6564A-73B9-4A30-8AF3-52524A45AFF5}
		{DCCB7111-C2DA-4C7E-9CF1-39CE4368AD8B} = {0FC6564A-73B9-4A30-8AF3-52524A45AFF5}
		{E0C9B36C-9306-42D9-AE19-A599431978BD} = {0FC6564A-73B9-4A30-8AF3-52524A45AFF5}
		{83A112DF-E200-4D53-9503-219E97DD6096} = {D719D2C1-D94C-4226-972E-FEBD24727364}
	EndGlobalSection
EndGlobal
